<?xml version="1.0" encoding="utf-8"?>
<Project ToolsVersion="4.0" xmlns="http://schemas.microsoft.com/developer/msbuild/2003">
  <ItemGroup>
    <Filter Include="Source Files">
      <UniqueIdentifier>{4FC737F1-C7A5-4376-A066-2A32D752A2FF}</UniqueIdentifier>
      <Extensions>cpp;c;cc;cxx;c++;cppm;ixx;def;odl;idl;hpj;bat;asm;asmx</Extensions>
    </Filter>
    <Filter Include="Header Files">
      <UniqueIdentifier>{93995380-89BD-4b04-88EB-625FBE52EBFB}</UniqueIdentifier>
      <Extensions>h;hh;hpp;hxx;h++;hm;inl;inc;ipp;xsd</Extensions>
    </Filter>
    <Filter Include="Resource Files">
      <UniqueIdentifier>{67DA6AB6-F800-4c08-8B7A-83BB121AAD01}</UniqueIdentifier>
      <Extensions>rc;ico;cur;bmp;dlg;rc2;rct;bin;rgs;gif;jpg;jpeg;jpe;resx;tiff;tif;png;wav;mfcribbon-ms</Extensions>
    </Filter>
    <Filter Include="Source Files\apps">
      <UniqueIdentifier>{c01ae9b8-a796-4767-8ebe-b1c52bdeb917}</UniqueIdentifier>
    </Filter>
    <Filter Include="Source Files\src">
      <UniqueIdentifier>{d769c6e7-4194-4d84-bc91-7d72b0330108}</UniqueIdentifier>
    </Filter>
    <Filter Include="Header Files\imgui">
      <UniqueIdentifier>{22497468-0f64-4deb-92f5-190768052c7c}</UniqueIdentifier>
    </Filter>
    <Filter Include="Source Files\src\imgui">
      <UniqueIdentifier>{9983a757-2367-4bbf-b12a-d26752e162dc}</UniqueIdentifier>
    </Filter>
  </ItemGroup>
  <ItemGroup>
    <ClCompile Include="TemporalCluster.h">
      <Filter>Header Files</Filter>
    </ClCompile>
    <ClCompile Include="KGerror.h">
      <Filter>Header Files</Filter>
    </ClCompile>
    <ClCompile Include="MotionStrength.cpp">
      <Filter>Source Files\src</Filter>
    </ClCompile>
    <ClCompile Include="app.cpp">
      <Filter>Source Files\apps</Filter>
    </ClCompile>
    <ClCompile Include="libs\imgui\imgui_widgets.cpp">
      <Filter>Source Files\src\imgui</Filter>
    </ClCompile>
    <ClCompile Include="libs\imgui\imgui_tables.cpp">
      <Filter>Source Files\src\imgui</Filter>
    </ClCompile>
    <ClCompile Include="libs\imgui\imgui_impl_opengl3.cpp">
      <Filter>Source Files\src\imgui</Filter>
    </ClCompile>
    <ClCompile Include="libs\imgui\imgui_draw.cpp">
      <Filter>Source Files\src\imgui</Filter>
    </ClCompile>
    <ClCompile Include="libs\imgui\imgui_demo.cpp">
      <Filter>Source Files\src\imgui</Filter>
    </ClCompile>
    <ClCompile Include="libs\imgui\imgui.cpp">
      <Filter>Source Files\src\imgui</Filter>
    </ClCompile>
    <ClCompile Include="libs\imgui\imgui_impl_glfw.cpp">
      <Filter>Source Files\src\imgui</Filter>
    </ClCompile>
    <ClCompile Include="GFT.cpp">
      <Filter>Source Files\src</Filter>
    </ClCompile>
    <ClCompile Include="SpatialSegmentation.cpp">
      <Filter>Source Files\src</Filter>
    </ClCompile>
    <ClCompile Include="TemporalCluster.cpp">
      <Filter>Source Files\src</Filter>
    </ClCompile>
    <ClCompile Include="KGerror.cpp">
      <Filter>Source Files\src</Filter>
    </ClCompile>
    <ClCompile Include="Kmeans.cpp">
      <Filter>Source Files\src</Filter>
    </ClCompile>
  </ItemGroup>
  <ItemGroup>
    <ClInclude Include="CommonVecOperation.h">
      <Filter>Header Files</Filter>
    </ClInclude>
    <ClInclude Include="GInclude.h">
      <Filter>Header Files</Filter>
    </ClInclude>
    <ClInclude Include="MotionStrength.h">
      <Filter>Header Files</Filter>
    </ClInclude>
    <ClInclude Include="SpatialSegmentation.h">
      <Filter>Header Files</Filter>
    </ClInclude>
    <ClInclude Include="SegmentInfo.h">
      <Filter>Header Files</Filter>
    </ClInclude>
    <ClInclude Include="Kmeans.h">
      <Filter>Header Files</Filter>
    </ClInclude>
    <ClInclude Include="GFT.h">
      <Filter>Header Files</Filter>
    </ClInclude>
    <ClInclude Include="ShaderHandler.h">
      <Filter>Header Files</Filter>
    </ClInclude>
    <ClInclude Include="objLoader.h">
      <Filter>Header Files</Filter>
    </ClInclude>
    <ClInclude Include="Commons.h">
      <Filter>Header Files</Filter>
    </ClInclude>
    <ClInclude Include="libs\imgui\imconfig.h">
      <Filter>Header Files\imgui</Filter>
    </ClInclude>
    <ClInclude Include="libs\imgui\imgui.h">
      <Filter>Header Files\imgui</Filter>
    </ClInclude>
    <ClInclude Include="libs\imgui\imgui_impl_glfw.h">
      <Filter>Header Files\imgui</Filter>
    </ClInclude>
    <ClInclude Include="libs\imgui\imgui_impl_opengl3.h">
      <Filter>Header Files\imgui</Filter>
    </ClInclude>
    <ClInclude Include="libs\imgui\imgui_impl_opengl3_loader.h">
      <Filter>Header Files\imgui</Filter>
    </ClInclude>
    <ClInclude Include="libs\imgui\imgui_internal.h">
      <Filter>Header Files\imgui</Filter>
    </ClInclude>
    <ClInclude Include="libs\imgui\imstb_rectpack.h">
      <Filter>Header Files\imgui</Filter>
    </ClInclude>
    <ClInclude Include="libs\imgui\imstb_textedit.h">
      <Filter>Header Files\imgui</Filter>
    </ClInclude>
    <ClInclude Include="libs\imgui\imstb_truetype.h">
      <Filter>Header Files\imgui</Filter>
    </ClInclude>
    <ClInclude Include="shadersPrograms.h">
      <Filter>Header Files</Filter>
    </ClInclude>
  </ItemGroup>
  <ItemGroup>
    <None Include="fShader.fs">
      <Filter>Resource Files</Filter>
    </None>
    <None Include="vShader.vs">
      <Filter>Resource Files</Filter>
    </None>
  </ItemGroup>
</Project>